// !$*UTF8*$!
{
	archiveVersion = 1;
	classes = {
	};
	objectVersion = 52;
	objects = {

/* Begin PBXBuildFile section */
		8A8481CA280EAD8C00D968E6 /* RxSwift.xcframework in Frameworks */ = {isa = PBXBuildFile; fileRef = 8A8481C9280EAD8C00D968E6 /* RxSwift.xcframework */; };
		8A8481CC280EADB500D968E6 /* RxCocoa.xcframework in Frameworks */ = {isa = PBXBuildFile; fileRef = 8A8481CB280EADB500D968E6 /* RxCocoa.xcframework */; };
		946A25C522946FDE002B46BA /* RxAVCaptureMetadataOutputObjectsDelegate.swift in Sources */ = {isa = PBXBuildFile; fileRef = 946A25C422946FDE002B46BA /* RxAVCaptureMetadataOutputObjectsDelegate.swift */; };
		94DC8A83218104690026F49B /* RxAVCapturePhotoCaptureDelegate.swift in Sources */ = {isa = PBXBuildFile; fileRef = 94DC8A7E218104680026F49B /* RxAVCapturePhotoCaptureDelegate.swift */; };
		94DC8A84218104690026F49B /* Global.swift in Sources */ = {isa = PBXBuildFile; fileRef = 94DC8A7F218104690026F49B /* Global.swift */; };
		94DC8A85218104690026F49B /* RxAVCaptureDepthDataOutputDelegate.swift in Sources */ = {isa = PBXBuildFile; fileRef = 94DC8A80218104690026F49B /* RxAVCaptureDepthDataOutputDelegate.swift */; };
		94DC8A86218104690026F49B /* RxAVCaptureVideoDataOutputSampleBufferDelegate.swift in Sources */ = {isa = PBXBuildFile; fileRef = 94DC8A81218104690026F49B /* RxAVCaptureVideoDataOutputSampleBufferDelegate.swift */; };
		94DC8A87218104690026F49B /* RxAVCaptureDataOutputSynchronizerDelegate.swift in Sources */ = {isa = PBXBuildFile; fileRef = 94DC8A82218104690026F49B /* RxAVCaptureDataOutputSynchronizerDelegate.swift */; };
		94DF2750215CA8A400051F68 /* RxAVFoundation.framework in Frameworks */ = {isa = PBXBuildFile; fileRef = 94DF2746215CA8A300051F68 /* RxAVFoundation.framework */; };
		94DF2755215CA8A400051F68 /* RxAVFoundationTests.swift in Sources */ = {isa = PBXBuildFile; fileRef = 94DF2754215CA8A400051F68 /* RxAVFoundationTests.swift */; };
		94DF2757215CA8A400051F68 /* RxAVFoundation.h in Headers */ = {isa = PBXBuildFile; fileRef = 94DF2749215CA8A300051F68 /* RxAVFoundation.h */; settings = {ATTRIBUTES = (Public, ); }; };
		94DF2768215CB2D900051F68 /* AVCaptureSession+Rx.swift in Sources */ = {isa = PBXBuildFile; fileRef = 94DF2767215CB2D900051F68 /* AVCaptureSession+Rx.swift */; };
/* End PBXBuildFile section */

/* Begin PBXContainerItemProxy section */
		94DF2751215CA8A400051F68 /* PBXContainerItemProxy */ = {
			isa = PBXContainerItemProxy;
			containerPortal = 94DF273D215CA8A300051F68 /* Project object */;
			proxyType = 1;
			remoteGlobalIDString = 94DF2745215CA8A300051F68;
			remoteInfo = RxAVFoundation;
		};
/* End PBXContainerItemProxy section */

/* Begin PBXFileReference section */
		8A8481C9280EAD8C00D968E6 /* RxSwift.xcframework */ = {isa = PBXFileReference; lastKnownFileType = wrapper.xcframework; name = RxSwift.xcframework; path = Carthage/Build/RxSwift.xcframework; sourceTree = "<group>"; };
		8A8481CB280EADB500D968E6 /* RxCocoa.xcframework */ = {isa = PBXFileReference; lastKnownFileType = wrapper.xcframework; name = RxCocoa.xcframework; path = Carthage/Build/RxCocoa.xcframework; sourceTree = "<group>"; };
		946A25C422946FDE002B46BA /* RxAVCaptureMetadataOutputObjectsDelegate.swift */ = {isa = PBXFileReference; lastKnownFileType = sourcecode.swift; path = RxAVCaptureMetadataOutputObjectsDelegate.swift; sourceTree = "<group>"; };
		94DC8A7E218104680026F49B /* RxAVCapturePhotoCaptureDelegate.swift */ = {isa = PBXFileReference; fileEncoding = 4; lastKnownFileType = sourcecode.swift; path = RxAVCapturePhotoCaptureDelegate.swift; sourceTree = "<group>"; };
		94DC8A7F218104690026F49B /* Global.swift */ = {isa = PBXFileReference; fileEncoding = 4; lastKnownFileType = sourcecode.swift; path = Global.swift; sourceTree = "<group>"; };
		94DC8A80218104690026F49B /* RxAVCaptureDepthDataOutputDelegate.swift */ = {isa = PBXFileReference; fileEncoding = 4; lastKnownFileType = sourcecode.swift; path = RxAVCaptureDepthDataOutputDelegate.swift; sourceTree = "<group>"; };
		94DC8A81218104690026F49B /* RxAVCaptureVideoDataOutputSampleBufferDelegate.swift */ = {isa = PBXFileReference; fileEncoding = 4; lastKnownFileType = sourcecode.swift; path = RxAVCaptureVideoDataOutputSampleBufferDelegate.swift; sourceTree = "<group>"; };
		94DC8A82218104690026F49B /* RxAVCaptureDataOutputSynchronizerDelegate.swift */ = {isa = PBXFileReference; fileEncoding = 4; lastKnownFileType = sourcecode.swift; path = RxAVCaptureDataOutputSynchronizerDelegate.swift; sourceTree = "<group>"; };
		94DF2746215CA8A300051F68 /* RxAVFoundation.framework */ = {isa = PBXFileReference; explicitFileType = wrapper.framework; includeInIndex = 0; path = RxAVFoundation.framework; sourceTree = BUILT_PRODUCTS_DIR; };
		94DF2749215CA8A300051F68 /* RxAVFoundation.h */ = {isa = PBXFileReference; lastKnownFileType = sourcecode.c.h; path = RxAVFoundation.h; sourceTree = "<group>"; };
		94DF274A215CA8A300051F68 /* Info.plist */ = {isa = PBXFileReference; lastKnownFileType = text.plist.xml; path = Info.plist; sourceTree = "<group>"; };
		94DF274F215CA8A400051F68 /* RxAVFoundationTests.xctest */ = {isa = PBXFileReference; explicitFileType = wrapper.cfbundle; includeInIndex = 0; path = RxAVFoundationTests.xctest; sourceTree = BUILT_PRODUCTS_DIR; };
		94DF2754215CA8A400051F68 /* RxAVFoundationTests.swift */ = {isa = PBXFileReference; lastKnownFileType = sourcecode.swift; path = RxAVFoundationTests.swift; sourceTree = "<group>"; };
		94DF2756215CA8A400051F68 /* Info.plist */ = {isa = PBXFileReference; lastKnownFileType = text.plist.xml; path = Info.plist; sourceTree = "<group>"; };
		94DF2767215CB2D900051F68 /* AVCaptureSession+Rx.swift */ = {isa = PBXFileReference; lastKnownFileType = sourcecode.swift; path = "AVCaptureSession+Rx.swift"; sourceTree = "<group>"; };
		94DF2769215D476600051F68 /* Cartfile.resolved */ = {isa = PBXFileReference; lastKnownFileType = text; path = Cartfile.resolved; sourceTree = "<group>"; };
		94DF276A215D476600051F68 /* LICENSE */ = {isa = PBXFileReference; lastKnownFileType = text; path = LICENSE; sourceTree = "<group>"; };
		94DF276B215D476600051F68 /* README.md */ = {isa = PBXFileReference; lastKnownFileType = net.daringfireball.markdown; path = README.md; sourceTree = "<group>"; };
		94DF276C215D476600051F68 /* Cartfile */ = {isa = PBXFileReference; lastKnownFileType = text; path = Cartfile; sourceTree = "<group>"; };
/* End PBXFileReference section */

/* Begin PBXFrameworksBuildPhase section */
		94DF2743215CA8A300051F68 /* Frameworks */ = {
			isa = PBXFrameworksBuildPhase;
			buildActionMask = 2147483647;
			files = (
				8A8481CC280EADB500D968E6 /* RxCocoa.xcframework in Frameworks */,
				8A8481CA280EAD8C00D968E6 /* RxSwift.xcframework in Frameworks */,
			);
			runOnlyForDeploymentPostprocessing = 0;
		};
		94DF274C215CA8A400051F68 /* Frameworks */ = {
			isa = PBXFrameworksBuildPhase;
			buildActionMask = 2147483647;
			files = (
				94DF2750215CA8A400051F68 /* RxAVFoundation.framework in Frameworks */,
			);
			runOnlyForDeploymentPostprocessing = 0;
		};
/* End PBXFrameworksBuildPhase section */

/* Begin PBXGroup section */
		94DF273C215CA8A300051F68 = {
			isa = PBXGroup;
			children = (
				94DF276C215D476600051F68 /* Cartfile */,
				94DF2769215D476600051F68 /* Cartfile.resolved */,
				94DF276A215D476600051F68 /* LICENSE */,
				94DF276B215D476600051F68 /* README.md */,
				94DF2748215CA8A300051F68 /* RxAVFoundation */,
				94DF2753215CA8A400051F68 /* RxAVFoundationTests */,
				94DF2747215CA8A300051F68 /* Products */,
				94DF2764215CAAA900051F68 /* Frameworks */,
			);
			sourceTree = "<group>";
		};
		94DF2747215CA8A300051F68 /* Products */ = {
			isa = PBXGroup;
			children = (
				94DF2746215CA8A300051F68 /* RxAVFoundation.framework */,
				94DF274F215CA8A400051F68 /* RxAVFoundationTests.xctest */,
			);
			name = Products;
			sourceTree = "<group>";
		};
		94DF2748215CA8A300051F68 /* RxAVFoundation */ = {
			isa = PBXGroup;
			children = (
				94DF2749215CA8A300051F68 /* RxAVFoundation.h */,
				94DF274A215CA8A300051F68 /* Info.plist */,
				94DF2767215CB2D900051F68 /* AVCaptureSession+Rx.swift */,
				94DC8A7F218104690026F49B /* Global.swift */,
				946A25C422946FDE002B46BA /* RxAVCaptureMetadataOutputObjectsDelegate.swift */,
				94DC8A82218104690026F49B /* RxAVCaptureDataOutputSynchronizerDelegate.swift */,
				94DC8A80218104690026F49B /* RxAVCaptureDepthDataOutputDelegate.swift */,
				94DC8A7E218104680026F49B /* RxAVCapturePhotoCaptureDelegate.swift */,
				94DC8A81218104690026F49B /* RxAVCaptureVideoDataOutputSampleBufferDelegate.swift */,
			);
			path = RxAVFoundation;
			sourceTree = "<group>";
		};
		94DF2753215CA8A400051F68 /* RxAVFoundationTests */ = {
			isa = PBXGroup;
			children = (
				94DF2754215CA8A400051F68 /* RxAVFoundationTests.swift */,
				94DF2756215CA8A400051F68 /* Info.plist */,
			);
			path = RxAVFoundationTests;
			sourceTree = "<group>";
		};
		94DF2764215CAAA900051F68 /* Frameworks */ = {
			isa = PBXGroup;
			children = (
				8A8481CB280EADB500D968E6 /* RxCocoa.xcframework */,
				8A8481C9280EAD8C00D968E6 /* RxSwift.xcframework */,
			);
			name = Frameworks;
			sourceTree = "<group>";
		};
/* End PBXGroup section */

/* Begin PBXHeadersBuildPhase section */
		94DF2741215CA8A300051F68 /* Headers */ = {
			isa = PBXHeadersBuildPhase;
			buildActionMask = 2147483647;
			files = (
				94DF2757215CA8A400051F68 /* RxAVFoundation.h in Headers */,
			);
			runOnlyForDeploymentPostprocessing = 0;
		};
/* End PBXHeadersBuildPhase section */

/* Begin PBXNativeTarget section */
		94DF2745215CA8A300051F68 /* RxAVFoundation */ = {
			isa = PBXNativeTarget;
			buildConfigurationList = 94DF275A215CA8A400051F68 /* Build configuration list for PBXNativeTarget "RxAVFoundation" */;
			buildPhases = (
				94DF2741215CA8A300051F68 /* Headers */,
				94DF2742215CA8A300051F68 /* Sources */,
				94DF2743215CA8A300051F68 /* Frameworks */,
				94DF2744215CA8A300051F68 /* Resources */,
				94DF2763215CAA5200051F68 /* Delete Nested Framework(s) */,
			);
			buildRules = (
			);
			dependencies = (
			);
			name = RxAVFoundation;
			productName = RxAVFoundation;
			productReference = 94DF2746215CA8A300051F68 /* RxAVFoundation.framework */;
			productType = "com.apple.product-type.framework";
		};
		94DF274E215CA8A400051F68 /* RxAVFoundationTests */ = {
			isa = PBXNativeTarget;
			buildConfigurationList = 94DF275D215CA8A400051F68 /* Build configuration list for PBXNativeTarget "RxAVFoundationTests" */;
			buildPhases = (
				94DF274B215CA8A400051F68 /* Sources */,
				94DF274C215CA8A400051F68 /* Frameworks */,
				94DF274D215CA8A400051F68 /* Resources */,
			);
			buildRules = (
			);
			dependencies = (
				94DF2752215CA8A400051F68 /* PBXTargetDependency */,
			);
			name = RxAVFoundationTests;
			productName = RxAVFoundationTests;
			productReference = 94DF274F215CA8A400051F68 /* RxAVFoundationTests.xctest */;
			productType = "com.apple.product-type.bundle.unit-test";
		};
/* End PBXNativeTarget section */

/* Begin PBXProject section */
		94DF273D215CA8A300051F68 /* Project object */ = {
			isa = PBXProject;
			attributes = {
				LastSwiftUpdateCheck = 1000;
				LastUpgradeCheck = 1330;
				ORGANIZATIONNAME = "Maxim Volgin";
				TargetAttributes = {
					94DF2745215CA8A300051F68 = {
						CreatedOnToolsVersion = 10.0;
						LastSwiftMigration = 1020;
					};
					94DF274E215CA8A400051F68 = {
						CreatedOnToolsVersion = 10.0;
						LastSwiftMigration = 1020;
					};
				};
			};
			buildConfigurationList = 94DF2740215CA8A300051F68 /* Build configuration list for PBXProject "RxAVFoundation" */;
			compatibilityVersion = "Xcode 9.3";
			developmentRegion = en;
			hasScannedForEncodings = 0;
			knownRegions = (
				en,
				Base,
			);
			mainGroup = 94DF273C215CA8A300051F68;
			productRefGroup = 94DF2747215CA8A300051F68 /* Products */;
			projectDirPath = "";
			projectRoot = "";
			targets = (
				94DF2745215CA8A300051F68 /* RxAVFoundation */,
				94DF274E215CA8A400051F68 /* RxAVFoundationTests */,
			);
		};
/* End PBXProject section */

/* Begin PBXResourcesBuildPhase section */
		94DF2744215CA8A300051F68 /* Resources */ = {
			isa = PBXResourcesBuildPhase;
			buildActionMask = 2147483647;
			files = (
			);
			runOnlyForDeploymentPostprocessing = 0;
		};
		94DF274D215CA8A400051F68 /* Resources */ = {
			isa = PBXResourcesBuildPhase;
			buildActionMask = 2147483647;
			files = (
			);
			runOnlyForDeploymentPostprocessing = 0;
		};
/* End PBXResourcesBuildPhase section */

/* Begin PBXShellScriptBuildPhase section */
		94DF2763215CAA5200051F68 /* Delete Nested Framework(s) */ = {
			isa = PBXShellScriptBuildPhase;
			buildActionMask = 2147483647;
			files = (
			);
			inputFileListPaths = (
			);
			inputPaths = (
			);
			name = "Delete Nested Framework(s)";
			outputFileListPaths = (
			);
			outputPaths = (
			);
			runOnlyForDeploymentPostprocessing = 0;
			shellPath = /bin/sh;
			shellScript = "cd \"${CONFIGURATION_BUILD_DIR}/${UNLOCALIZED_RESOURCES_FOLDER_PATH}/\"\nif [[ -d \"Frameworks\" ]]; then\n    rm -fr Frameworks\nfi\n";
		};
/* End PBXShellScriptBuildPhase section */

/* Begin PBXSourcesBuildPhase section */
		94DF2742215CA8A300051F68 /* Sources */ = {
			isa = PBXSourcesBuildPhase;
			buildActionMask = 2147483647;
			files = (
				94DC8A83218104690026F49B /* RxAVCapturePhotoCaptureDelegate.swift in Sources */,
				94DC8A86218104690026F49B /* RxAVCaptureVideoDataOutputSampleBufferDelegate.swift in Sources */,
				94DF2768215CB2D900051F68 /* AVCaptureSession+Rx.swift in Sources */,
				94DC8A84218104690026F49B /* Global.swift in Sources */,
				94DC8A85218104690026F49B /* RxAVCaptureDepthDataOutputDelegate.swift in Sources */,
				94DC8A87218104690026F49B /* RxAVCaptureDataOutputSynchronizerDelegate.swift in Sources */,
				946A25C522946FDE002B46BA /* RxAVCaptureMetadataOutputObjectsDelegate.swift in Sources */,
			);
			runOnlyForDeploymentPostprocessing = 0;
		};
		94DF274B215CA8A400051F68 /* Sources */ = {
			isa = PBXSourcesBuildPhase;
			buildActionMask = 2147483647;
			files = (
				94DF2755215CA8A400051F68 /* RxAVFoundationTests.swift in Sources */,
			);
			runOnlyForDeploymentPostprocessing = 0;
		};
/* End PBXSourcesBuildPhase section */

/* Begin PBXTargetDependency section */
		94DF2752215CA8A400051F68 /* PBXTargetDependency */ = {
			isa = PBXTargetDependency;
			target = 94DF2745215CA8A300051F68 /* RxAVFoundation */;
			targetProxy = 94DF2751215CA8A400051F68 /* PBXContainerItemProxy */;
		};
/* End PBXTargetDependency section */

/* Begin XCBuildConfiguration section */
		94DF2758215CA8A400051F68 /* Debug */ = {
			isa = XCBuildConfiguration;
			buildSettings = {
				ALWAYS_SEARCH_USER_PATHS = NO;
				CLANG_ANALYZER_NONNULL = YES;
				CLANG_ANALYZER_NUMBER_OBJECT_CONVERSION = YES_AGGRESSIVE;
				CLANG_CXX_LANGUAGE_STANDARD = "gnu++14";
				CLANG_CXX_LIBRARY = "libc++";
				CLANG_ENABLE_MODULES = YES;
				CLANG_ENABLE_OBJC_ARC = YES;
				CLANG_ENABLE_OBJC_WEAK = YES;
				CLANG_WARN_BLOCK_CAPTURE_AUTORELEASING = YES;
				CLANG_WARN_BOOL_CONVERSION = YES;
				CLANG_WARN_COMMA = YES;
				CLANG_WARN_CONSTANT_CONVERSION = YES;
				CLANG_WARN_DEPRECATED_OBJC_IMPLEMENTATIONS = YES;
				CLANG_WARN_DIRECT_OBJC_ISA_USAGE = YES_ERROR;
				CLANG_WARN_DOCUMENTATION_COMMENTS = YES;
				CLANG_WARN_EMPTY_BODY = YES;
				CLANG_WARN_ENUM_CONVERSION = YES;
				CLANG_WARN_INFINITE_RECURSION = YES;
				CLANG_WARN_INT_CONVERSION = YES;
				CLANG_WARN_NON_LITERAL_NULL_CONVERSION = YES;
				CLANG_WARN_OBJC_IMPLICIT_RETAIN_SELF = YES;
				CLANG_WARN_OBJC_LITERAL_CONVERSION = YES;
				CLANG_WARN_OBJC_ROOT_CLASS = YES_ERROR;
				CLANG_WARN_QUOTED_INCLUDE_IN_FRAMEWORK_HEADER = YES;
				CLANG_WARN_RANGE_LOOP_ANALYSIS = YES;
				CLANG_WARN_STRICT_PROTOTYPES = YES;
				CLANG_WARN_SUSPICIOUS_MOVE = YES;
				CLANG_WARN_UNGUARDED_AVAILABILITY = YES_AGGRESSIVE;
				CLANG_WARN_UNREACHABLE_CODE = YES;
				CLANG_WARN__DUPLICATE_METHOD_MATCH = YES;
				CODE_SIGN_IDENTITY = "iPhone Developer";
				COPY_PHASE_STRIP = NO;
				CURRENT_PROJECT_VERSION = 1;
				DEBUG_INFORMATION_FORMAT = dwarf;
				ENABLE_STRICT_OBJC_MSGSEND = YES;
				ENABLE_TESTABILITY = YES;
				GCC_C_LANGUAGE_STANDARD = gnu11;
				GCC_DYNAMIC_NO_PIC = NO;
				GCC_NO_COMMON_BLOCKS = YES;
				GCC_OPTIMIZATION_LEVEL = 0;
				GCC_PREPROCESSOR_DEFINITIONS = (
					"DEBUG=1",
					"$(inherited)",
				);
				GCC_WARN_64_TO_32_BIT_CONVERSION = YES;
				GCC_WARN_ABOUT_RETURN_TYPE = YES_ERROR;
				GCC_WARN_UNDECLARED_SELECTOR = YES;
				GCC_WARN_UNINITIALIZED_AUTOS = YES_AGGRESSIVE;
				GCC_WARN_UNUSED_FUNCTION = YES;
				GCC_WARN_UNUSED_VARIABLE = YES;
				IPHONEOS_DEPLOYMENT_TARGET = 11.0;
				MTL_ENABLE_DEBUG_INFO = INCLUDE_SOURCE;
				MTL_FAST_MATH = YES;
				ONLY_ACTIVE_ARCH = YES;
				SDKROOT = iphoneos;
				SWIFT_ACTIVE_COMPILATION_CONDITIONS = DEBUG;
				SWIFT_OPTIMIZATION_LEVEL = "-Onone";
				VERSIONING_SYSTEM = "apple-generic";
				VERSION_INFO_PREFIX = "";
			};
			name = Debug;
		};
		94DF2759215CA8A400051F68 /* Release */ = {
			isa = XCBuildConfiguration;
			buildSettings = {
				ALWAYS_SEARCH_USER_PATHS = NO;
				CLANG_ANALYZER_NONNULL = YES;
				CLANG_ANALYZER_NUMBER_OBJECT_CONVERSION = YES_AGGRESSIVE;
				CLANG_CXX_LANGUAGE_STANDARD = "gnu++14";
				CLANG_CXX_LIBRARY = "libc++";
				CLANG_ENABLE_MODULES = YES;
				CLANG_ENABLE_OBJC_ARC = YES;
				CLANG_ENABLE_OBJC_WEAK = YES;
				CLANG_WARN_BLOCK_CAPTURE_AUTORELEASING = YES;
				CLANG_WARN_BOOL_CONVERSION = YES;
				CLANG_WARN_COMMA = YES;
				CLANG_WARN_CONSTANT_CONVERSION = YES;
				CLANG_WARN_DEPRECATED_OBJC_IMPLEMENTATIONS = YES;
				CLANG_WARN_DIRECT_OBJC_ISA_USAGE = YES_ERROR;
				CLANG_WARN_DOCUMENTATION_COMMENTS = YES;
				CLANG_WARN_EMPTY_BODY = YES;
				CLANG_WARN_ENUM_CONVERSION = YES;
				CLANG_WARN_INFINITE_RECURSION = YES;
				CLANG_WARN_INT_CONVERSION = YES;
				CLANG_WARN_NON_LITERAL_NULL_CONVERSION = YES;
				CLANG_WARN_OBJC_IMPLICIT_RETAIN_SELF = YES;
				CLANG_WARN_OBJC_LITERAL_CONVERSION = YES;
				CLANG_WARN_OBJC_ROOT_CLASS = YES_ERROR;
				CLANG_WARN_QUOTED_INCLUDE_IN_FRAMEWORK_HEADER = YES;
				CLANG_WARN_RANGE_LOOP_ANALYSIS = YES;
				CLANG_WARN_STRICT_PROTOTYPES = YES;
				CLANG_WARN_SUSPICIOUS_MOVE = YES;
				CLANG_WARN_UNGUARDED_AVAILABILITY = YES_AGGRESSIVE;
				CLANG_WARN_UNREACHABLE_CODE = YES;
				CLANG_WARN__DUPLICATE_METHOD_MATCH = YES;
				CODE_SIGN_IDENTITY = "iPhone Developer";
				COPY_PHASE_STRIP = NO;
				CURRENT_PROJECT_VERSION = 1;
				DEBUG_INFORMATION_FORMAT = "dwarf-with-dsym";
				ENABLE_NS_ASSERTIONS = NO;
				ENABLE_STRICT_OBJC_MSGSEND = YES;
				GCC_C_LANGUAGE_STANDARD = gnu11;
				GCC_NO_COMMON_BLOCKS = YES;
				GCC_WARN_64_TO_32_BIT_CONVERSION = YES;
				GCC_WARN_ABOUT_RETURN_TYPE = YES_ERROR;
				GCC_WARN_UNDECLARED_SELECTOR = YES;
				GCC_WARN_UNINITIALIZED_AUTOS = YES_AGGRESSIVE;
				GCC_WARN_UNUSED_FUNCTION = YES;
				GCC_WARN_UNUSED_VARIABLE = YES;
				IPHONEOS_DEPLOYMENT_TARGET = 11.0;
				MTL_ENABLE_DEBUG_INFO = NO;
				MTL_FAST_MATH = YES;
				SDKROOT = iphoneos;
				SWIFT_COMPILATION_MODE = wholemodule;
				SWIFT_OPTIMIZATION_LEVEL = "-O";
				VALIDATE_PRODUCT = YES;
				VERSIONING_SYSTEM = "apple-generic";
				VERSION_INFO_PREFIX = "";
			};
			name = Release;
		};
		94DF275B215CA8A400051F68 /* Debug */ = {
			isa = XCBuildConfiguration;
			buildSettings = {
				CLANG_ENABLE_MODULES = YES;
				CODE_SIGN_IDENTITY = "";
				CODE_SIGN_STYLE = Automatic;
				DEFINES_MODULE = YES;
				DYLIB_COMPATIBILITY_VERSION = 1;
				DYLIB_CURRENT_VERSION = 1;
				DYLIB_INSTALL_NAME_BASE = "@rpath";
				FRAMEWORK_SEARCH_PATHS = (
					"$(inherited)",
					"$(PROJECT_DIR)/Carthage/Build",
				);
				INFOPLIST_FILE = RxAVFoundation/Info.plist;
				INSTALL_PATH = "$(LOCAL_LIBRARY_DIR)/Frameworks";
				LD_RUNPATH_SEARCH_PATHS = (
					"$(inherited)",
					"@executable_path/Frameworks",
					"@loader_path/Frameworks",
				);
				PRODUCT_BUNDLE_IDENTIFIER = maxvol.RxAVFoundation;
				PRODUCT_NAME = "$(TARGET_NAME:c99extidentifier)";
				SKIP_INSTALL = YES;
				SWIFT_OPTIMIZATION_LEVEL = "-Onone";
				SWIFT_VERSION = 5.0;
				TARGETED_DEVICE_FAMILY = "1,2";
			};
			name = Debug;
		};
		94DF275C215CA8A400051F68 /* Release */ = {
			isa = XCBuildConfiguration;
			buildSettings = {
				CLANG_ENABLE_MODULES = YES;
				CODE_SIGN_IDENTITY = "";
				CODE_SIGN_STYLE = Automatic;
				DEFINES_MODULE = YES;
				DYLIB_COMPATIBILITY_VERSION = 1;
				DYLIB_CURRENT_VERSION = 1;
				DYLIB_INSTALL_NAME_BASE = "@rpath";
				FRAMEWORK_SEARCH_PATHS = (
					"$(inherited)",
					"$(PROJECT_DIR)/Carthage/Build",
				);
				INFOPLIST_FILE = RxAVFoundation/Info.plist;
				INSTALL_PATH = "$(LOCAL_LIBRARY_DIR)/Frameworks";
				LD_RUNPATH_SEARCH_PATHS = (
					"$(inherited)",
					"@executable_path/Frameworks",
					"@loader_path/Frameworks",
				);
				PRODUCT_BUNDLE_IDENTIFIER = maxvol.RxAVFoundation;
				PRODUCT_NAME = "$(TARGET_NAME:c99extidentifier)";
				SKIP_INSTALL = YES;
				SWIFT_VERSION = 5.0;
				TARGETED_DEVICE_FAMILY = "1,2";
			};
			name = Release;
		};
		94DF275E215CA8A400051F68 /* Debug */ = {
			isa = XCBuildConfiguration;
			buildSettings = {
				ALWAYS_EMBED_SWIFT_STANDARD_LIBRARIES = YES;
				CODE_SIGN_STYLE = Automatic;
				DEVELOPMENT_TEAM = "";
				INFOPLIST_FILE = RxAVFoundationTests/Info.plist;
				LD_RUNPATH_SEARCH_PATHS = (
					"$(inherited)",
					"@executable_path/Frameworks",
					"@loader_path/Frameworks",
				);
				PRODUCT_BUNDLE_IDENTIFIER = maxvol.RxAVFoundationTests;
				PRODUCT_NAME = "$(TARGET_NAME)";
				SWIFT_VERSION = 5.0;
				TARGETED_DEVICE_FAMILY = "1,2";
			};
			name = Debug;
		};
		94DF275F215CA8A400051F68 /* Release */ = {
			isa = XCBuildConfiguration;
			buildSettings = {
				ALWAYS_EMBED_SWIFT_STANDARD_LIBRARIES = YES;
				CODE_SIGN_STYLE = Automatic;
				DEVELOPMENT_TEAM = "";
				INFOPLIST_FILE = RxAVFoundationTests/Info.plist;
				LD_RUNPATH_SEARCH_PATHS = (
					"$(inherited)",
					"@executable_path/Frameworks",
					"@loader_path/Frameworks",
				);
				PRODUCT_BUNDLE_IDENTIFIER = maxvol.RxAVFoundationTests;
				PRODUCT_NAME = "$(TARGET_NAME)";
				SWIFT_VERSION = 5.0;
				TARGETED_DEVICE_FAMILY = "1,2";
			};
			name = Release;
		};
/* End XCBuildConfiguration section */

/* Begin XCConfigurationList section */
		94DF2740215CA8A300051F68 /* Build configuration list for PBXProject "RxAVFoundation" */ = {
			isa = XCConfigurationList;
			buildConfigurations = (
				94DF2758215CA8A400051F68 /* Debug */,
				94DF2759215CA8A400051F68 /* Release */,
			);
			defaultConfigurationIsVisible = 0;
			defaultConfigurationName = Release;
		};
		94DF275A215CA8A400051F68 /* Build configuration list for PBXNativeTarget "RxAVFoundation" */ = {
			isa = XCConfigurationList;
			buildConfigurations = (
				94DF275B215CA8A400051F68 /* Debug */,
				94DF275C215CA8A400051F68 /* Release */,
			);
			defaultConfigurationIsVisible = 0;
			defaultConfigurationName = Release;
		};
		94DF275D215CA8A400051F68 /* Build configuration list for PBXNativeTarget "RxAVFoundationTests" */ = {
			isa = XCConfigurationList;
			buildConfigurations = (
				94DF275E215CA8A400051F68 /* Debug */,
				94DF275F215CA8A400051F68 /* Release */,
			);
			defaultConfigurationIsVisible = 0;
			defaultConfigurationName = Release;
		};
/* End XCConfigurationList section */
	};
	rootObject = 94DF273D215CA8A300051F68 /* Project object */;
}
